// !$*UTF8*$!
{
	archiveVersion = 1;
	classes = {
	};
	objectVersion = 77;
	objects = {

/* Begin PBXContainerItemProxy section */
		57B1D4EA2CA7A6920062EB48 /* PBXContainerItemProxy */ = {
			isa = PBXContainerItemProxy;
			containerPortal = 57B1D4D12CA7A6900062EB48 /* Project object */;
			proxyType = 1;
			remoteGlobalIDString = 57B1D4D82CA7A6900062EB48;
			remoteInfo = "instabao-admin";
		};
		57B1D4F42CA7A6920062EB48 /* PBXContainerItemProxy */ = {
			isa = PBXContainerItemProxy;
			containerPortal = 57B1D4D12CA7A6900062EB48 /* Project object */;
			proxyType = 1;
			remoteGlobalIDString = 57B1D4D82CA7A6900062EB48;
			remoteInfo = "instabao-admin";
		};
/* End PBXContainerItemProxy section */

/* Begin PBXFileReference section */
		57B1D4D92CA7A6900062EB48 /* instabao-admin.app */ = {isa = PBXFileReference; explicitFileType = wrapper.application; includeInIndex = 0; path = "instabao-admin.app"; sourceTree = BUILT_PRODUCTS_DIR; };
		57B1D4E92CA7A6920062EB48 /* instabao-adminTests.xctest */ = {isa = PBXFileReference; explicitFileType = wrapper.cfbundle; includeInIndex = 0; path = "instabao-adminTests.xctest"; sourceTree = BUILT_PRODUCTS_DIR; };
		57B1D4F32CA7A6920062EB48 /* instabao-adminUITests.xctest */ = {isa = PBXFileReference; explicitFileType = wrapper.cfbundle; includeInIndex = 0; path = "instabao-adminUITests.xctest"; sourceTree = BUILT_PRODUCTS_DIR; };
/* End PBXFileReference section */

/* Begin PBXFileSystemSynchronizedRootGroup section */
		57B1D4DB2CA7A6900062EB48 /* instabao-admin */ = {
			isa = PBXFileSystemSynchronizedRootGroup;
			path = "instabao-admin";
			sourceTree = "<group>";
		};
		57B1D4EC2CA7A6920062EB48 /* instabao-adminTests */ = {
			isa = PBXFileSystemSynchronizedRootGroup;
			path = "instabao-adminTests";
			sourceTree = "<group>";
		};
		57B1D4F62CA7A6920062EB48 /* instabao-adminUITests */ = {
			isa = PBXFileSystemSynchronizedRootGroup;
			path = "instabao-adminUITests";
			sourceTree = "<group>";
		};
/* End PBXFileSystemSynchronizedRootGroup section */

/* Begin PBXFrameworksBuildPhase section */
		57B1D4D62CA7A6900062EB48 /* Frameworks */ = {
			isa = PBXFrameworksBuildPhase;
			buildActionMask = 2147483647;
			files = (
			);
			runOnlyForDeploymentPostprocessing = 0;
		};
		57B1D4E62CA7A6920062EB48 /* Frameworks */ = {
			isa = PBXFrameworksBuildPhase;
			buildActionMask = 2147483647;
			files = (
			);
			runOnlyForDeploymentPostprocessing = 0;
		};
		57B1D4F02CA7A6920062EB48 /* Frameworks */ = {
			isa = PBXFrameworksBuildPhase;
			buildActionMask = 2147483647;
			files = (
			);
			runOnlyForDeploymentPostprocessing = 0;
		};
/* End PBXFrameworksBuildPhase section */

/* Begin PBXGroup section */
		57B1D4D02CA7A6900062EB48 = {
			isa = PBXGroup;
			children = (
				57B1D4DB2CA7A6900062EB48 /* instabao-admin */,
				57B1D4EC2CA7A6920062EB48 /* instabao-adminTests */,
				57B1D4F62CA7A6920062EB48 /* instabao-adminUITests */,
				57B1D4DA2CA7A6900062EB48 /* Products */,
			);
			sourceTree = "<group>";
		};
		57B1D4DA2CA7A6900062EB48 /* Products */ = {
			isa = PBXGroup;
			children = (
				57B1D4D92CA7A6900062EB48 /* instabao-admin.app */,
				57B1D4E92CA7A6920062EB48 /* instabao-adminTests.xctest */,
				57B1D4F32CA7A6920062EB48 /* instabao-adminUITests.xctest */,
			);
			name = Products;
			sourceTree = "<group>";
		};
/* End PBXGroup section */

/* Begin PBXNativeTarget section */
		57B1D4D82CA7A6900062EB48 /* instabao-admin */ = {
			isa = PBXNativeTarget;
			buildConfigurationList = 57B1D4FD2CA7A6920062EB48 /* Build configuration list for PBXNativeTarget "instabao-admin" */;
			buildPhases = (
				57B1D4D52CA7A6900062EB48 /* Sources */,
				57B1D4D62CA7A6900062EB48 /* Frameworks */,
				57B1D4D72CA7A6900062EB48 /* Resources */,
			);
			buildRules = (
			);
			dependencies = (
			);
			fileSystemSynchronizedGroups = (
				57B1D4DB2CA7A6900062EB48 /* instabao-admin */,
			);
			name = "instabao-admin";
			packageProductDependencies = (
			);
			productName = "instabao-admin";
			productReference = 57B1D4D92CA7A6900062EB48 /* instabao-admin.app */;
			productType = "com.apple.product-type.application";
		};
		57B1D4E82CA7A6920062EB48 /* instabao-adminTests */ = {
			isa = PBXNativeTarget;
			buildConfigurationList = 57B1D5002CA7A6920062EB48 /* Build configuration list for PBXNativeTarget "instabao-adminTests" */;
			buildPhases = (
				57B1D4E52CA7A6920062EB48 /* Sources */,
				57B1D4E62CA7A6920062EB48 /* Frameworks */,
				57B1D4E72CA7A6920062EB48 /* Resources */,
			);
			buildRules = (
			);
			dependencies = (
				57B1D4EB2CA7A6920062EB48 /* PBXTargetDependency */,
			);
			fileSystemSynchronizedGroups = (
				57B1D4EC2CA7A6920062EB48 /* instabao-adminTests */,
			);
			name = "instabao-adminTests";
			packageProductDependencies = (
			);
			productName = "instabao-adminTests";
			productReference = 57B1D4E92CA7A6920062EB48 /* instabao-adminTests.xctest */;
			productType = "com.apple.product-type.bundle.unit-test";
		};
		57B1D4F22CA7A6920062EB48 /* instabao-adminUITests */ = {
			isa = PBXNativeTarget;
			buildConfigurationList = 57B1D5032CA7A6920062EB48 /* Build configuration list for PBXNativeTarget "instabao-adminUITests" */;
			buildPhases = (
				57B1D4EF2CA7A6920062EB48 /* Sources */,
				57B1D4F02CA7A6920062EB48 /* Frameworks */,
				57B1D4F12CA7A6920062EB48 /* Resources */,
			);
			buildRules = (
			);
			dependencies = (
				57B1D4F52CA7A6920062EB48 /* PBXTargetDependency */,
			);
			fileSystemSynchronizedGroups = (
				57B1D4F62CA7A6920062EB48 /* instabao-adminUITests */,
			);
			name = "instabao-adminUITests";
			packageProductDependencies = (
			);
			productName = "instabao-adminUITests";
			productReference = 57B1D4F32CA7A6920062EB48 /* instabao-adminUITests.xctest */;
			productType = "com.apple.product-type.bundle.ui-testing";
		};
/* End PBXNativeTarget section */

/* Begin PBXProject section */
		57B1D4D12CA7A6900062EB48 /* Project object */ = {
			isa = PBXProject;
			attributes = {
				BuildIndependentTargetsInParallel = 1;
				LastSwiftUpdateCheck = 1600;
				LastUpgradeCheck = 1600;
				TargetAttributes = {
					57B1D4D82CA7A6900062EB48 = {
						CreatedOnToolsVersion = 16.0;
					};
					57B1D4E82CA7A6920062EB48 = {
						CreatedOnToolsVersion = 16.0;
						TestTargetID = 57B1D4D82CA7A6900062EB48;
					};
					57B1D4F22CA7A6920062EB48 = {
						CreatedOnToolsVersion = 16.0;
						TestTargetID = 57B1D4D82CA7A6900062EB48;
					};
				};
			};
			buildConfigurationList = 57B1D4D42CA7A6900062EB48 /* Build configuration list for PBXProject "instabao-admin" */;
			developmentRegion = en;
			hasScannedForEncodings = 0;
			knownRegions = (
				en,
				Base,
			);
			mainGroup = 57B1D4D02CA7A6900062EB48;
			minimizedProjectReferenceProxies = 1;
			preferredProjectObjectVersion = 77;
			productRefGroup = 57B1D4DA2CA7A6900062EB48 /* Products */;
			projectDirPath = "";
			projectRoot = "";
			targets = (
				57B1D4D82CA7A6900062EB48 /* instabao-admin */,
				57B1D4E82CA7A6920062EB48 /* instabao-adminTests */,
				57B1D4F22CA7A6920062EB48 /* instabao-adminUITests */,
			);
		};
/* End PBXProject section */

/* Begin PBXResourcesBuildPhase section */
		57B1D4D72CA7A6900062EB48 /* Resources */ = {
			isa = PBXResourcesBuildPhase;
			buildActionMask = 2147483647;
			files = (
			);
			runOnlyForDeploymentPostprocessing = 0;
		};
		57B1D4E72CA7A6920062EB48 /* Resources */ = {
			isa = PBXResourcesBuildPhase;
			buildActionMask = 2147483647;
			files = (
			);
			runOnlyForDeploymentPostprocessing = 0;
		};
		57B1D4F12CA7A6920062EB48 /* Resources */ = {
			isa = PBXResourcesBuildPhase;
			buildActionMask = 2147483647;
			files = (
			);
			runOnlyForDeploymentPostprocessing = 0;
		};
/* End PBXResourcesBuildPhase section */

/* Begin PBXSourcesBuildPhase section */
		57B1D4D52CA7A6900062EB48 /* Sources */ = {
			isa = PBXSourcesBuildPhase;
			buildActionMask = 2147483647;
			files = (
			);
			runOnlyForDeploymentPostprocessing = 0;
		};
		57B1D4E52CA7A6920062EB48 /* Sources */ = {
			isa = PBXSourcesBuildPhase;
			buildActionMask = 2147483647;
			files = (
			);
			runOnlyForDeploymentPostprocessing = 0;
		};
		57B1D4EF2CA7A6920062EB48 /* Sources */ = {
			isa = PBXSourcesBuildPhase;
			buildActionMask = 2147483647;
			files = (
			);
			runOnlyForDeploymentPostprocessing = 0;
		};
/* End PBXSourcesBuildPhase section */

/* Begin PBXTargetDependency section */
		57B1D4EB2CA7A6920062EB48 /* PBXTargetDependency */ = {
			isa = PBXTargetDependency;
			target = 57B1D4D82CA7A6900062EB48 /* instabao-admin */;
			targetProxy = 57B1D4EA2CA7A6920062EB48 /* PBXContainerItemProxy */;
		};
		57B1D4F52CA7A6920062EB48 /* PBXTargetDependency */ = {
			isa = PBXTargetDependency;
			target = 57B1D4D82CA7A6900062EB48 /* instabao-admin */;
			targetProxy = 57B1D4F42CA7A6920062EB48 /* PBXContainerItemProxy */;
		};
/* End PBXTargetDependency section */

/* Begin XCBuildConfiguration section */
		57B1D4FB2CA7A6920062EB48 /* Debug */ = {
			isa = XCBuildConfiguration;
			buildSettings = {
				ALWAYS_SEARCH_USER_PATHS = NO;
				ASSETCATALOG_COMPILER_GENERATE_SWIFT_ASSET_SYMBOL_EXTENSIONS = YES;
				CLANG_ANALYZER_NONNULL = YES;
				CLANG_ANALYZER_NUMBER_OBJECT_CONVERSION = YES_AGGRESSIVE;
				CLANG_CXX_LANGUAGE_STANDARD = "gnu++20";
				CLANG_ENABLE_MODULES = YES;
				CLANG_ENABLE_OBJC_ARC = YES;
				CLANG_ENABLE_OBJC_WEAK = YES;
				CLANG_WARN_BLOCK_CAPTURE_AUTORELEASING = YES;
				CLANG_WARN_BOOL_CONVERSION = YES;
				CLANG_WARN_COMMA = YES;
				CLANG_WARN_CONSTANT_CONVERSION = YES;
				CLANG_WARN_DEPRECATED_OBJC_IMPLEMENTATIONS = YES;
				CLANG_WARN_DIRECT_OBJC_ISA_USAGE = YES_ERROR;
				CLANG_WARN_DOCUMENTATION_COMMENTS = YES;
				CLANG_WARN_EMPTY_BODY = YES;
				CLANG_WARN_ENUM_CONVERSION = YES;
				CLANG_WARN_INFINITE_RECURSION = YES;
				CLANG_WARN_INT_CONVERSION = YES;
				CLANG_WARN_NON_LITERAL_NULL_CONVERSION = YES;
				CLANG_WARN_OBJC_IMPLICIT_RETAIN_SELF = YES;
				CLANG_WARN_OBJC_LITERAL_CONVERSION = YES;
				CLANG_WARN_OBJC_ROOT_CLASS = YES_ERROR;
				CLANG_WARN_QUOTED_INCLUDE_IN_FRAMEWORK_HEADER = YES;
				CLANG_WARN_RANGE_LOOP_ANALYSIS = YES;
				CLANG_WARN_STRICT_PROTOTYPES = YES;
				CLANG_WARN_SUSPICIOUS_MOVE = YES;
				CLANG_WARN_UNGUARDED_AVAILABILITY = YES_AGGRESSIVE;
				CLANG_WARN_UNREACHABLE_CODE = YES;
				CLANG_WARN__DUPLICATE_METHOD_MATCH = YES;
				COPY_PHASE_STRIP = NO;
				DEBUG_INFORMATION_FORMAT = dwarf;
				ENABLE_STRICT_OBJC_MSGSEND = YES;
				ENABLE_TESTABILITY = YES;
				ENABLE_USER_SCRIPT_SANDBOXING = YES;
				GCC_C_LANGUAGE_STANDARD = gnu17;
				GCC_DYNAMIC_NO_PIC = NO;
				GCC_NO_COMMON_BLOCKS = YES;
				GCC_OPTIMIZATION_LEVEL = 0;
				GCC_PREPROCESSOR_DEFINITIONS = (
					"DEBUG=1",
					"$(inherited)",
				);
				GCC_WARN_64_TO_32_BIT_CONVERSION = YES;
				GCC_WARN_ABOUT_RETURN_TYPE = YES_ERROR;
				GCC_WARN_UNDECLARED_SELECTOR = YES;
				GCC_WARN_UNINITIALIZED_AUTOS = YES_AGGRESSIVE;
				GCC_WARN_UNUSED_FUNCTION = YES;
				GCC_WARN_UNUSED_VARIABLE = YES;
				IPHONEOS_DEPLOYMENT_TARGET = 18.0;
				LOCALIZATION_PREFERS_STRING_CATALOGS = YES;
				MTL_ENABLE_DEBUG_INFO = INCLUDE_SOURCE;
				MTL_FAST_MATH = YES;
				ONLY_ACTIVE_ARCH = YES;
				SDKROOT = iphoneos;
				SWIFT_ACTIVE_COMPILATION_CONDITIONS = "DEBUG $(inherited)";
				SWIFT_OPTIMIZATION_LEVEL = "-Onone";
			};
			name = Debug;
		};
		57B1D4FC2CA7A6920062EB48 /* Release */ = {
			isa = XCBuildConfiguration;
			buildSettings = {
				ALWAYS_SEARCH_USER_PATHS = NO;
				ASSETCATALOG_COMPILER_GENERATE_SWIFT_ASSET_SYMBOL_EXTENSIONS = YES;
				CLANG_ANALYZER_NONNULL = YES;
				CLANG_ANALYZER_NUMBER_OBJECT_CONVERSION = YES_AGGRESSIVE;
				CLANG_CXX_LANGUAGE_STANDARD = "gnu++20";
				CLANG_ENABLE_MODULES = YES;
				CLANG_ENABLE_OBJC_ARC = YES;
				CLANG_ENABLE_OBJC_WEAK = YES;
				CLANG_WARN_BLOCK_CAPTURE_AUTORELEASING = YES;
				CLANG_WARN_BOOL_CONVERSION = YES;
				CLANG_WARN_COMMA = YES;
				CLANG_WARN_CONSTANT_CONVERSION = YES;
				CLANG_WARN_DEPRECATED_OBJC_IMPLEMENTATIONS = YES;
				CLANG_WARN_DIRECT_OBJC_ISA_USAGE = YES_ERROR;
				CLANG_WARN_DOCUMENTATION_COMMENTS = YES;
				CLANG_WARN_EMPTY_BODY = YES;
				CLANG_WARN_ENUM_CONVERSION = YES;
				CLANG_WARN_INFINITE_RECURSION = YES;
				CLANG_WARN_INT_CONVERSION = YES;
				CLANG_WARN_NON_LITERAL_NULL_CONVERSION = YES;
				CLANG_WARN_OBJC_IMPLICIT_RETAIN_SELF = YES;
				CLANG_WARN_OBJC_LITERAL_CONVERSION = YES;
				CLANG_WARN_OBJC_ROOT_CLASS = YES_ERROR;
				CLANG_WARN_QUOTED_INCLUDE_IN_FRAMEWORK_HEADER = YES;
				CLANG_WARN_RANGE_LOOP_ANALYSIS = YES;
				CLANG_WARN_STRICT_PROTOTYPES = YES;
				CLANG_WARN_SUSPICIOUS_MOVE = YES;
				CLANG_WARN_UNGUARDED_AVAILABILITY = YES_AGGRESSIVE;
				CLANG_WARN_UNREACHABLE_CODE = YES;
				CLANG_WARN__DUPLICATE_METHOD_MATCH = YES;
				COPY_PHASE_STRIP = NO;
				DEBUG_INFORMATION_FORMAT = "dwarf-with-dsym";
				ENABLE_NS_ASSERTIONS = NO;
				ENABLE_STRICT_OBJC_MSGSEND = YES;
				ENABLE_USER_SCRIPT_SANDBOXING = YES;
				GCC_C_LANGUAGE_STANDARD = gnu17;
				GCC_NO_COMMON_BLOCKS = YES;
				GCC_WARN_64_TO_32_BIT_CONVERSION = YES;
				GCC_WARN_ABOUT_RETURN_TYPE = YES_ERROR;
				GCC_WARN_UNDECLARED_SELECTOR = YES;
				GCC_WARN_UNINITIALIZED_AUTOS = YES_AGGRESSIVE;
				GCC_WARN_UNUSED_FUNCTION = YES;
				GCC_WARN_UNUSED_VARIABLE = YES;
				IPHONEOS_DEPLOYMENT_TARGET = 18.0;
				LOCALIZATION_PREFERS_STRING_CATALOGS = YES;
				MTL_ENABLE_DEBUG_INFO = NO;
				MTL_FAST_MATH = YES;
				SDKROOT = iphoneos;
				SWIFT_COMPILATION_MODE = wholemodule;
				VALIDATE_PRODUCT = YES;
			};
			name = Release;
		};
		57B1D4FE2CA7A6920062EB48 /* Debug */ = {
			isa = XCBuildConfiguration;
			buildSettings = {
				ASSETCATALOG_COMPILER_APPICON_NAME = AppIcon;
				ASSETCATALOG_COMPILER_GLOBAL_ACCENT_COLOR_NAME = AccentColor;
				CODE_SIGN_STYLE = Automatic;
				CURRENT_PROJECT_VERSION = 1;
				DEVELOPMENT_ASSET_PATHS = "\"instabao-admin/Preview Content\"";
				DEVELOPMENT_TEAM = L7V38L8N6S;
				ENABLE_PREVIEWS = YES;
				GENERATE_INFOPLIST_FILE = YES;
				INFOPLIST_KEY_NSPhotoLibraryUsageDescription = "Access to the photo library to upload photos";
				INFOPLIST_KEY_UIApplicationSceneManifest_Generation = YES;
				INFOPLIST_KEY_UIApplicationSupportsIndirectInputEvents = YES;
				INFOPLIST_KEY_UILaunchScreen_Generation = YES;
				INFOPLIST_KEY_UISupportedInterfaceOrientations_iPad = "UIInterfaceOrientationPortrait UIInterfaceOrientationPortraitUpsideDown UIInterfaceOrientationLandscapeLeft UIInterfaceOrientationLandscapeRight";
				INFOPLIST_KEY_UISupportedInterfaceOrientations_iPhone = "UIInterfaceOrientationPortrait UIInterfaceOrientationLandscapeLeft UIInterfaceOrientationLandscapeRight";
				LD_RUNPATH_SEARCH_PATHS = (
					"$(inherited)",
					"@executable_path/Frameworks",
				);
				MARKETING_VERSION = 1.0;
				PRODUCT_BUNDLE_IDENTIFIER = "yaytso.instabao-admin";
				PRODUCT_NAME = "$(TARGET_NAME)";
				SWIFT_EMIT_LOC_STRINGS = YES;
				SWIFT_VERSION = 5.0;
				TARGETED_DEVICE_FAMILY = "1,2";
			};
			name = Debug;
		};
		57B1D4FF2CA7A6920062EB48 /* Release */ = {
			isa = XCBuildConfiguration;
			buildSettings = {
				ASSETCATALOG_COMPILER_APPICON_NAME = AppIcon;
				ASSETCATALOG_COMPILER_GLOBAL_ACCENT_COLOR_NAME = AccentColor;
				CODE_SIGN_STYLE = Automatic;
				CURRENT_PROJECT_VERSION = 1;
				DEVELOPMENT_ASSET_PATHS = "\"instabao-admin/Preview Content\"";
				DEVELOPMENT_TEAM = L7V38L8N6S;
				ENABLE_PREVIEWS = YES;
				GENERATE_INFOPLIST_FILE = YES;
				INFOPLIST_KEY_NSPhotoLibraryUsageDescription = "Access to the photo library to upload photos";
				INFOPLIST_KEY_UIApplicationSceneManifest_Generation = YES;
				INFOPLIST_KEY_UIApplicationSupportsIndirectInputEvents = YES;
				INFOPLIST_KEY_UILaunchScreen_Generation = YES;
				INFOPLIST_KEY_UISupportedInterfaceOrientations_iPad = "UIInterfaceOrientationPortrait UIInterfaceOrientationPortraitUpsideDown UIInterfaceOrientationLandscapeLeft UIInterfaceOrientationLandscapeRight";
				INFOPLIST_KEY_UISupportedInterfaceOrientations_iPhone = "UIInterfaceOrientationPortrait UIInterfaceOrientationLandscapeLeft UIInterfaceOrientationLandscapeRight";
				LD_RUNPATH_SEARCH_PATHS = (
					"$(inherited)",
					"@executable_path/Frameworks",
				);
				MARKETING_VERSION = 1.0;
				PRODUCT_BUNDLE_IDENTIFIER = "yaytso.instabao-admin";
				PRODUCT_NAME = "$(TARGET_NAME)";
				SWIFT_EMIT_LOC_STRINGS = YES;
				SWIFT_VERSION = 5.0;
				TARGETED_DEVICE_FAMILY = "1,2";
			};
			name = Release;
		};
		57B1D5012CA7A6920062EB48 /* Debug */ = {
			isa = XCBuildConfiguration;
			buildSettings = {
				BUNDLE_LOADER = "$(TEST_HOST)";
				CODE_SIGN_STYLE = Automatic;
				CURRENT_PROJECT_VERSION = 1;
				GENERATE_INFOPLIST_FILE = YES;
				IPHONEOS_DEPLOYMENT_TARGET = 18.0;
				MARKETING_VERSION = 1.0;
				PRODUCT_BUNDLE_IDENTIFIER = "yaytso.instabao-adminTests";
				PRODUCT_NAME = "$(TARGET_NAME)";
				SWIFT_EMIT_LOC_STRINGS = NO;
				SWIFT_VERSION = 5.0;
				TARGETED_DEVICE_FAMILY = "1,2";
				TEST_HOST = "$(BUILT_PRODUCTS_DIR)/instabao-admin.app/$(BUNDLE_EXECUTABLE_FOLDER_PATH)/instabao-admin";
			};
			name = Debug;
		};
		57B1D5022CA7A6920062EB48 /* Release */ = {
			isa = XCBuildConfiguration;
			buildSettings = {
				BUNDLE_LOADER = "$(TEST_HOST)";
				CODE_SIGN_STYLE = Automatic;
				CURRENT_PROJECT_VERSION = 1;
				GENERATE_INFOPLIST_FILE = YES;
				IPHONEOS_DEPLOYMENT_TARGET = 18.0;
				MARKETING_VERSION = 1.0;
				PRODUCT_BUNDLE_IDENTIFIER = "yaytso.instabao-adminTests";
				PRODUCT_NAME = "$(TARGET_NAME)";
				SWIFT_EMIT_LOC_STRINGS = NO;
				SWIFT_VERSION = 5.0;
				TARGETED_DEVICE_FAMILY = "1,2";
				TEST_HOST = "$(BUILT_PRODUCTS_DIR)/instabao-admin.app/$(BUNDLE_EXECUTABLE_FOLDER_PATH)/instabao-admin";
			};
			name = Release;
		};
		57B1D5042CA7A6920062EB48 /* Debug */ = {
			isa = XCBuildConfiguration;
			buildSettings = {
				CODE_SIGN_STYLE = Automatic;
				CURRENT_PROJECT_VERSION = 1;
				GENERATE_INFOPLIST_FILE = YES;
				MARKETING_VERSION = 1.0;
				PRODUCT_BUNDLE_IDENTIFIER = "yaytso.instabao-adminUITests";
				PRODUCT_NAME = "$(TARGET_NAME)";
				SWIFT_EMIT_LOC_STRINGS = NO;
				SWIFT_VERSION = 5.0;
				TARGETED_DEVICE_FAMILY = "1,2";
				TEST_TARGET_NAME = "instabao-admin";
			};
			name = Debug;
		};
		57B1D5052CA7A6920062EB48 /* Release */ = {
			isa = XCBuildConfiguration;
			buildSettings = {
				CODE_SIGN_STYLE = Automatic;
				CURRENT_PROJECT_VERSION = 1;
				GENERATE_INFOPLIST_FILE = YES;
				MARKETING_VERSION = 1.0;
				PRODUCT_BUNDLE_IDENTIFIER = "yaytso.instabao-adminUITests";
				PRODUCT_NAME = "$(TARGET_NAME)";
				SWIFT_EMIT_LOC_STRINGS = NO;
				SWIFT_VERSION = 5.0;
				TARGETED_DEVICE_FAMILY = "1,2";
				TEST_TARGET_NAME = "instabao-admin";
			};
			name = Release;
		};
/* End XCBuildConfiguration section */

/* Begin XCConfigurationList section */
		57B1D4D42CA7A6900062EB48 /* Build configuration list for PBXProject "instabao-admin" */ = {
			isa = XCConfigurationList;
			buildConfigurations = (
				57B1D4FB2CA7A6920062EB48 /* Debug */,
				57B1D4FC2CA7A6920062EB48 /* Release */,
			);
			defaultConfigurationIsVisible = 0;
			defaultConfigurationName = Release;
		};
		57B1D4FD2CA7A6920062EB48 /* Build configuration list for PBXNativeTarget "instabao-admin" */ = {
			isa = XCConfigurationList;
			buildConfigurations = (
				57B1D4FE2CA7A6920062EB48 /* Debug */,
				57B1D4FF2CA7A6920062EB48 /* Release */,
			);
			defaultConfigurationIsVisible = 0;
			defaultConfigurationName = Release;
		};
		57B1D5002CA7A6920062EB48 /* Build configuration list for PBXNativeTarget "instabao-adminTests" */ = {
			isa = XCConfigurationList;
			buildConfigurations = (
				57B1D5012CA7A6920062EB48 /* Debug */,
				57B1D5022CA7A6920062EB48 /* Release */,
			);
			defaultConfigurationIsVisible = 0;
			defaultConfigurationName = Release;
		};
		57B1D5032CA7A6920062EB48 /* Build configuration list for PBXNativeTarget "instabao-adminUITests" */ = {
			isa = XCConfigurationList;
			buildConfigurations = (
				57B1D5042CA7A6920062EB48 /* Debug */,
				57B1D5052CA7A6920062EB48 /* Release */,
			);
			defaultConfigurationIsVisible = 0;
			defaultConfigurationName = Release;
		};
/* End XCConfigurationList section */
	};
	rootObject = 57B1D4D12CA7A6900062EB48 /* Project object */;
}
